
Microsoft Visual Studio Solution File, Format Version 12.00
# Visual Studio Version 17
VisualStudioVersion = 17.6.33829.357
MinimumVisualStudioVersion = 10.0.40219.1
Project("{FAE04EC0-301F-11D3-BF4B-00C04F79EFBC}") = "Kal", "Kal\Kal.csproj", "{490BB5B6-0557-4B03-A8DF-3C61FDBCFBB3}"
EndProject
Global
	GlobalSection(SolutionConfigurationPlatforms) = preSolution
		Debug|Any CPU = Debug|Any CPU
		Release|Any CPU = Release|Any CPU
	EndGlobalSection
	GlobalSection(ProjectConfigurationPlatforms) = postSolution
		{490BB5B6-0557-4B03-A8DF-3C61FDBCFBB3}.Debug|Any CPU.ActiveCfg = Debug|Any CPU
		{490BB5B6-0557-4B03-A8DF-3C61FDBCFBB3}.Debug|Any CPU.Build.0 = Debug|Any CPU
		{490BB5B6-0557-4B03-A8DF-3C61FDBCFBB3}.Release|Any CPU.ActiveCfg = Release|Any CPU
		{490BB5B6-0557-4B03-A8DF-3C61FDBCFBB3}.Release|Any CPU.Build.0 = Release|Any CPU
	EndGlobalSection
	GlobalSection(SolutionProperties) = preSolution
		HideSolutionNode = FALSE
	EndGlobalSection
	GlobalSection(ExtensibilityGlobals) = postSolution
		SolutionGuid = {0B7840F7-8745-4E33-A4D5-3938C489BA3E}
	EndGlobalSection
EndGlobal
